[{<<"ibrowse">>,
  {git,"git@github.com:Phonebooth/ibrowse.git",
       {ref,"5b2968c5e83b0a8dcc8b2b89f5eec8bc32bfb431"}},
  0},
 {<<"jsx">>,
  {git,"git@github.com:Phonebooth/jsx.git",
       {ref,"e50af6e109cb03bd26acf715cbc77de746507d1d"}},
  0},
 {<<"lumber">>,
  {git,"git@bitbucket.org:relaypro/lumber.git",
       {ref,"e1fdeb25fb8cae89683f98378d6590cbf774ced1"}},
  0},
 {<<"mochiweb">>,
  {git,"git@github.com:Phonebooth/mochiweb.git",
       {ref,"8b7f9c773ae491bd0860698ffaca0f2faa3b4a12"}},
  0},
 {<<"pb2utils">>,
  {git,"git@bitbucket.org:relaypro/pb2utils.git",
       {ref,"1452f22bf339295748d8218ddc4a173069201607"}},
  0},
 {<<"pmod_transform">>,
  {git,"https://github.com/erlang/pmod_transform.git",
       {ref,"f96b8b572395581d58fe3dd7c3e61f3f0e8fa6dc"}},
  0}].
